# This file is automatically @generated by Cargo.
# It is not intended for manual editing.
[[package]]
name = "aoc2020"
version = "0.1.0"
dependencies = [
 "bit-array",
 "typenum",
]

[[package]]
name = "bit-array"
version = "0.4.4"
source = "registry+https://github.com/rust-lang/crates.io-index"
checksum = "87124d87d4baa369b13485ffc0237a1b41e51c1d8ded7c4e01c002f79ed20a19"
dependencies = [
 "bit-vec",
 "generic-array",
 "typenum",
]

[[package]]
name = "bit-vec"
version = "0.4.4"
source = "registry+https://github.com/rust-lang/crates.io-index"
checksum = "02b4ff8b16e6076c3e14220b39fbc1fabb6737522281a388998046859400895f"

[[package]]
name = "generic-array"
version = "0.3.2"
source = "registry+https://github.com/rust-lang/crates.io-index"
checksum = "69d8e56f1cb411920d382decdf54ed2273d1cf392725397fe7d0fad2d5397187"
dependencies = [
 "nodrop",
 "typenum",
]

[[package]]
name = "nodrop"
version = "0.1.14"
source = "registry+https://github.com/rust-lang/crates.io-index"
checksum = "72ef4a56884ca558e5ddb05a1d1e7e1bfd9a68d9ed024c21704cc98872dae1bb"

[[package]]
name = "typenum"
version = "1.12.0"
source = "registry+https://github.com/rust-lang/crates.io-index"
checksum = "373c8a200f9e67a0c95e62a4f52fbf80c23b4381c05a17845531982fa99e6b33"
